
Microsoft Visual Studio Solution File, Format Version 12.00
# Visual Studio Version 17
VisualStudioVersion = 17.1.32210.238
MinimumVisualStudioVersion = 10.0.40219.1
Project("{9A19103F-16F7-4668-BE54-9A1E7A4F7556}") = "N3U1P9_HFT_2022231.Client", "N3U1P9_HFT_2022231.Client\N3U1P9_HFT_2022231.Client.csproj", "{F13FAFE0-0CB9-4005-B722-50381BCD16A6}"
EndProject
Project("{9A19103F-16F7-4668-BE54-9A1E7A4F7556}") = "N3U1P9_HFT_2022231.Models", "N3U1P9_HFT_2022231.Models\N3U1P9_HFT_2022231.Models.csproj", "{31AC8726-0CC6-4FF8-981A-7EE96E2C98B9}"
EndProject
Project("{9A19103F-16F7-4668-BE54-9A1E7A4F7556}") = "N3U1P9_HFT_2022231.Logic", "N3U1P9_HFT_2022231.Logic\N3U1P9_HFT_2022231.Logic.csproj", "{0F21CED2-9441-477F-AC5A-6E253D3233F7}"
EndProject
Project("{9A19103F-16F7-4668-BE54-9A1E7A4F7556}") = "N3U1P9_HFT_2022231.Repository", "N3U1P9_HFT_2022231.Repository\N3U1P9_HFT_2022231.Repository.csproj", "{64AFECB8-6C4F-4CE7-9D39-7A034B67BA1B}"
EndProject
Project("{9A19103F-16F7-4668-BE54-9A1E7A4F7556}") = "N3U1P9_HFT_2022231.Test", "N3U1P9_HFT_2022231.Test\N3U1P9_HFT_2022231.Test.csproj", "{EB040F3A-54D7-4DE9-9D7E-7A664292CAB1}"
EndProject
Project("{9A19103F-16F7-4668-BE54-9A1E7A4F7556}") = "N3U1P9_HFT_2022231.Endpoint", "N3U1P9_HFT_2022231.Endpoint\N3U1P9_HFT_2022231.Endpoint.csproj", "{35864335-6577-4661-85E0-63153042E4D9}"
EndProject
Project("{2150E333-8FDC-42A3-9474-1A3956D46DE8}") = "Backend", "Backend", "{F783FB24-A27A-4368-9F6F-0030A584303F}"
EndProject
Project("{2150E333-8FDC-42A3-9474-1A3956D46DE8}") = "Frontend", "Frontend", "{11B2024B-09B7-4B53-B1DF-033B16A6012B}"
EndProject
Project("{2150E333-8FDC-42A3-9474-1A3956D46DE8}") = "Shared", "Shared", "{449FE728-2351-40B2-9D62-1A4917EC18E6}"
EndProject
Project("{2150E333-8FDC-42A3-9474-1A3956D46DE8}") = "Others", "Others", "{6DD1915D-648A-40F0-A1D6-95CDAA59C8A1}"
	ProjectSection(SolutionItems) = preProject
		.gitignore = .gitignore
	EndProjectSection
EndProject
Project("{9A19103F-16F7-4668-BE54-9A1E7A4F7556}") = "N3U1P9_HFT_2022231.WpfClient", "N3U1P9_HFT_2022231.WpfClient\N3U1P9_HFT_2022231.WpfClient.csproj", "{6248A858-037A-4644-B0F2-0E1D91CF1E18}"
EndProject
Project("{54A90642-561A-4BB1-A94E-469ADEE60C69}") = "n3u1p9_hft_2022231.jsclient", "n3u1p9_hft_2022231.jsclient\n3u1p9_hft_2022231.jsclient.esproj", "{030F9718-0F4A-4ED4-B6BE-9D48C31B8CF2}"
EndProject
Global
	GlobalSection(SolutionConfigurationPlatforms) = preSolution
		Debug|Any CPU = Debug|Any CPU
		Release|Any CPU = Release|Any CPU
	EndGlobalSection
	GlobalSection(ProjectConfigurationPlatforms) = postSolution
		{F13FAFE0-0CB9-4005-B722-50381BCD16A6}.Debug|Any CPU.ActiveCfg = Debug|Any CPU
		{F13FAFE0-0CB9-4005-B722-50381BCD16A6}.Debug|Any CPU.Build.0 = Debug|Any CPU
		{F13FAFE0-0CB9-4005-B722-50381BCD16A6}.Release|Any CPU.ActiveCfg = Release|Any CPU
		{F13FAFE0-0CB9-4005-B722-50381BCD16A6}.Release|Any CPU.Build.0 = Release|Any CPU
		{31AC8726-0CC6-4FF8-981A-7EE96E2C98B9}.Debug|Any CPU.ActiveCfg = Debug|Any CPU
		{31AC8726-0CC6-4FF8-981A-7EE96E2C98B9}.Debug|Any CPU.Build.0 = Debug|Any CPU
		{31AC8726-0CC6-4FF8-981A-7EE96E2C98B9}.Release|Any CPU.ActiveCfg = Release|Any CPU
		{31AC8726-0CC6-4FF8-981A-7EE96E2C98B9}.Release|Any CPU.Build.0 = Release|Any CPU
		{0F21CED2-9441-477F-AC5A-6E253D3233F7}.Debug|Any CPU.ActiveCfg = Debug|Any CPU
		{0F21CED2-9441-477F-AC5A-6E253D3233F7}.Debug|Any CPU.Build.0 = Debug|Any CPU
		{0F21CED2-9441-477F-AC5A-6E253D3233F7}.Release|Any CPU.ActiveCfg = Release|Any CPU
		{0F21CED2-9441-477F-AC5A-6E253D3233F7}.Release|Any CPU.Build.0 = Release|Any CPU
		{64AFECB8-6C4F-4CE7-9D39-7A034B67BA1B}.Debug|Any CPU.ActiveCfg = Debug|Any CPU
		{64AFECB8-6C4F-4CE7-9D39-7A034B67BA1B}.Debug|Any CPU.Build.0 = Debug|Any CPU
		{64AFECB8-6C4F-4CE7-9D39-7A034B67BA1B}.Release|Any CPU.ActiveCfg = Release|Any CPU
		{64AFECB8-6C4F-4CE7-9D39-7A034B67BA1B}.Release|Any CPU.Build.0 = Release|Any CPU
		{EB040F3A-54D7-4DE9-9D7E-7A664292CAB1}.Debug|Any CPU.ActiveCfg = Debug|Any CPU
		{EB040F3A-54D7-4DE9-9D7E-7A664292CAB1}.Debug|Any CPU.Build.0 = Debug|Any CPU
		{EB040F3A-54D7-4DE9-9D7E-7A664292CAB1}.Release|Any CPU.ActiveCfg = Release|Any CPU
		{EB040F3A-54D7-4DE9-9D7E-7A664292CAB1}.Release|Any CPU.Build.0 = Release|Any CPU
		{35864335-6577-4661-85E0-63153042E4D9}.Debug|Any CPU.ActiveCfg = Debug|Any CPU
		{35864335-6577-4661-85E0-63153042E4D9}.Debug|Any CPU.Build.0 = Debug|Any CPU
		{35864335-6577-4661-85E0-63153042E4D9}.Release|Any CPU.ActiveCfg = Release|Any CPU
		{35864335-6577-4661-85E0-63153042E4D9}.Release|Any CPU.Build.0 = Release|Any CPU
		{6248A858-037A-4644-B0F2-0E1D91CF1E18}.Debug|Any CPU.ActiveCfg = Debug|Any CPU
		{6248A858-037A-4644-B0F2-0E1D91CF1E18}.Debug|Any CPU.Build.0 = Debug|Any CPU
		{6248A858-037A-4644-B0F2-0E1D91CF1E18}.Release|Any CPU.ActiveCfg = Release|Any CPU
		{6248A858-037A-4644-B0F2-0E1D91CF1E18}.Release|Any CPU.Build.0 = Release|Any CPU
		{030F9718-0F4A-4ED4-B6BE-9D48C31B8CF2}.Debug|Any CPU.ActiveCfg = Debug|Any CPU
		{030F9718-0F4A-4ED4-B6BE-9D48C31B8CF2}.Debug|Any CPU.Build.0 = Debug|Any CPU
		{030F9718-0F4A-4ED4-B6BE-9D48C31B8CF2}.Debug|Any CPU.Deploy.0 = Debug|Any CPU
		{030F9718-0F4A-4ED4-B6BE-9D48C31B8CF2}.Release|Any CPU.ActiveCfg = Release|Any CPU
		{030F9718-0F4A-4ED4-B6BE-9D48C31B8CF2}.Release|Any CPU.Build.0 = Release|Any CPU
		{030F9718-0F4A-4ED4-B6BE-9D48C31B8CF2}.Release|Any CPU.Deploy.0 = Release|Any CPU
	EndGlobalSection
	GlobalSection(SolutionProperties) = preSolution
		HideSolutionNode = FALSE
	EndGlobalSection
	GlobalSection(NestedProjects) = preSolution
		{F13FAFE0-0CB9-4005-B722-50381BCD16A6} = {11B2024B-09B7-4B53-B1DF-033B16A6012B}
		{31AC8726-0CC6-4FF8-981A-7EE96E2C98B9} = {449FE728-2351-40B2-9D62-1A4917EC18E6}
		{0F21CED2-9441-477F-AC5A-6E253D3233F7} = {F783FB24-A27A-4368-9F6F-0030A584303F}
		{64AFECB8-6C4F-4CE7-9D39-7A034B67BA1B} = {F783FB24-A27A-4368-9F6F-0030A584303F}
		{EB040F3A-54D7-4DE9-9D7E-7A664292CAB1} = {F783FB24-A27A-4368-9F6F-0030A584303F}
		{35864335-6577-4661-85E0-63153042E4D9} = {F783FB24-A27A-4368-9F6F-0030A584303F}
		{6248A858-037A-4644-B0F2-0E1D91CF1E18} = {11B2024B-09B7-4B53-B1DF-033B16A6012B}
		{030F9718-0F4A-4ED4-B6BE-9D48C31B8CF2} = {11B2024B-09B7-4B53-B1DF-033B16A6012B}
	EndGlobalSection
	GlobalSection(ExtensibilityGlobals) = postSolution
		SolutionGuid = {ADEDF1AC-3C5A-411B-BDE5-30AA94242D70}
	EndGlobalSection
EndGlobal
